
Microsoft Visual Studio Solution File, Format Version 12.00
# Visual Studio 15
VisualStudioVersion = 15.0.28307.136
MinimumVisualStudioVersion = 10.0.40219.1
Project("{FAE04EC0-301F-11D3-BF4B-00C04F79EFBC}") = "ZmodyfikowanyJohnson", "ZmodyfikowanyJohnson\ZmodyfikowanyJohnson.csproj", "{EAE38C23-DD6B-4C54-A4AA-6663E88DCB36}"
EndProject
Project("{FAE04EC0-301F-11D3-BF4B-00C04F79EFBC}") = "GUI", "..\GUI\GUI.csproj", "{13662869-5B83-40F8-9751-8779A61D88D4}"
EndProject
Global
	GlobalSection(SolutionConfigurationPlatforms) = preSolution
		Debug|Any CPU = Debug|Any CPU
		Release|Any CPU = Release|Any CPU
	EndGlobalSection
	GlobalSection(ProjectConfigurationPlatforms) = postSolution
		{EAE38C23-DD6B-4C54-A4AA-6663E88DCB36}.Debug|Any CPU.ActiveCfg = Debug|Any CPU
		{EAE38C23-DD6B-4C54-A4AA-6663E88DCB36}.Debug|Any CPU.Build.0 = Debug|Any CPU
		{EAE38C23-DD6B-4C54-A4AA-6663E88DCB36}.Release|Any CPU.ActiveCfg = Release|Any CPU
		{EAE38C23-DD6B-4C54-A4AA-6663E88DCB36}.Release|Any CPU.Build.0 = Release|Any CPU
		{13662869-5B83-40F8-9751-8779A61D88D4}.Debug|Any CPU.ActiveCfg = Debug|Any CPU
		{13662869-5B83-40F8-9751-8779A61D88D4}.Debug|Any CPU.Build.0 = Debug|Any CPU
		{13662869-5B83-40F8-9751-8779A61D88D4}.Release|Any CPU.ActiveCfg = Release|Any CPU
		{13662869-5B83-40F8-9751-8779A61D88D4}.Release|Any CPU.Build.0 = Release|Any CPU
	EndGlobalSection
	GlobalSection(SolutionProperties) = preSolution
		HideSolutionNode = FALSE
	EndGlobalSection
	GlobalSection(ExtensibilityGlobals) = postSolution
		SolutionGuid = {4E8A52C8-48D7-489F-A329-5B1C14047036}
	EndGlobalSection
EndGlobal
