
Microsoft Visual Studio Solution File, Format Version 12.00
# Visual Studio 15
VisualStudioVersion = 15.0.28307.136
MinimumVisualStudioVersion = 10.0.40219.1
Project("{FAE04EC0-301F-11D3-BF4B-00C04F79EFBC}") = "ZmodyfikowanyLiu", "ZmodyfikowanyLiu\ZmodyfikowanyLiu.csproj", "{5CDED901-8E3E-4407-A29F-83582A6940B7}"
EndProject
Project("{FAE04EC0-301F-11D3-BF4B-00C04F79EFBC}") = "ZmodyfikowanyLiuGUI", "..\ZmodyfikowanyLiuGUI\ZmodyfikowanyLiuGUI\ZmodyfikowanyLiuGUI.csproj", "{1A5AC4CA-08CF-4A42-817A-03A6C92DAD12}"
EndProject
Global
	GlobalSection(SolutionConfigurationPlatforms) = preSolution
		Debug|Any CPU = Debug|Any CPU
		Release|Any CPU = Release|Any CPU
	EndGlobalSection
	GlobalSection(ProjectConfigurationPlatforms) = postSolution
		{5CDED901-8E3E-4407-A29F-83582A6940B7}.Debug|Any CPU.ActiveCfg = Debug|Any CPU
		{5CDED901-8E3E-4407-A29F-83582A6940B7}.Debug|Any CPU.Build.0 = Debug|Any CPU
		{5CDED901-8E3E-4407-A29F-83582A6940B7}.Release|Any CPU.ActiveCfg = Release|Any CPU
		{5CDED901-8E3E-4407-A29F-83582A6940B7}.Release|Any CPU.Build.0 = Release|Any CPU
		{1A5AC4CA-08CF-4A42-817A-03A6C92DAD12}.Debug|Any CPU.ActiveCfg = Debug|Any CPU
		{1A5AC4CA-08CF-4A42-817A-03A6C92DAD12}.Debug|Any CPU.Build.0 = Debug|Any CPU
		{1A5AC4CA-08CF-4A42-817A-03A6C92DAD12}.Release|Any CPU.ActiveCfg = Release|Any CPU
		{1A5AC4CA-08CF-4A42-817A-03A6C92DAD12}.Release|Any CPU.Build.0 = Release|Any CPU
	EndGlobalSection
	GlobalSection(SolutionProperties) = preSolution
		HideSolutionNode = FALSE
	EndGlobalSection
	GlobalSection(ExtensibilityGlobals) = postSolution
		SolutionGuid = {A8B7D650-2963-4566-AE77-6739BB84F1F9}
	EndGlobalSection
EndGlobal
